// !$*UTF8*$!
{
	archiveVersion = 1;
	classes = {
	};
	objectVersion = 46;
	objects = {

/* Begin PBXBuildFile section */
		652E35301C2C0B33006B7A5A /* AppDelegate.swift in Sources */ = {isa = PBXBuildFile; fileRef = 652E352F1C2C0B33006B7A5A /* AppDelegate.swift */; };
		652E35321C2C0B33006B7A5A /* ViewController.swift in Sources */ = {isa = PBXBuildFile; fileRef = 652E35311C2C0B33006B7A5A /* ViewController.swift */; };
		652E35351C2C0B33006B7A5A /* Main.storyboard in Resources */ = {isa = PBXBuildFile; fileRef = 652E35331C2C0B33006B7A5A /* Main.storyboard */; };
		652E35371C2C0B33006B7A5A /* Assets.xcassets in Resources */ = {isa = PBXBuildFile; fileRef = 652E35361C2C0B33006B7A5A /* Assets.xcassets */; };
		652E353A1C2C0B33006B7A5A /* LaunchScreen.storyboard in Resources */ = {isa = PBXBuildFile; fileRef = 652E35381C2C0B33006B7A5A /* LaunchScreen.storyboard */; };
/* End PBXBuildFile section */

/* Begin PBXFileReference section */
		652E352C1C2C0B33006B7A5A /* nabeatsu.app */ = {isa = PBXFileReference; explicitFileType = wrapper.application; includeInIndex = 0; path = nabeatsu.app; sourceTree = BUILT_PRODUCTS_DIR; };
		652E352F1C2C0B33006B7A5A /* AppDelegate.swift */ = {isa = PBXFileReference; lastKnownFileType = sourcecode.swift; path = AppDelegate.swift; sourceTree = "<group>"; };
		652E35311C2C0B33006B7A5A /* ViewController.swift */ = {isa = PBXFileReference; lastKnownFileType = sourcecode.swift; path = ViewController.swift; sourceTree = "<group>"; };
		652E35341C2C0B33006B7A5A /* Base */ = {isa = PBXFileReference; lastKnownFileType = file.storyboard; name = Base; path = Base.lproj/Main.storyboard; sourceTree = "<group>"; };
		652E35361C2C0B33006B7A5A /* Assets.xcassets */ = {isa = PBXFileReference; lastKnownFileType = folder.assetcatalog; path = Assets.xcassets; sourceTree = "<group>"; };
		652E35391C2C0B33006B7A5A /* Base */ = {isa = PBXFileReference; lastKnownFileType = file.storyboard; name = Base; path = Base.lproj/LaunchScreen.storyboard; sourceTree = "<group>"; };
		652E353B1C2C0B33006B7A5A /* Info.plist */ = {isa = PBXFileReference; lastKnownFileType = text.plist.xml; path = Info.plist; sourceTree = "<group>"; };
/* End PBXFileReference section */

/* Begin PBXFrameworksBuildPhase section */
		652E35291C2C0B32006B7A5A /* Frameworks */ = {
			isa = PBXFrameworksBuildPhase;
			buildActionMask = 2147483647;
			files = (
			);
			runOnlyForDeploymentPostprocessing = 0;
		};
/* End PBXFrameworksBuildPhase section */

/* Begin PBXGroup section */
		652E35231C2C0B32006B7A5A = {
			isa = PBXGroup;
			children = (
				652E352E1C2C0B33006B7A5A /* nabeatsu */,
				652E352D1C2C0B33006B7A5A /* Products */,
			);
			sourceTree = "<group>";
		};
		652E352D1C2C0B33006B7A5A /* Products */ = {
			isa = PBXGroup;
			children = (
				652E352C1C2C0B33006B7A5A /* nabeatsu.app */,
			);
			name = Products;
			sourceTree = "<group>";
		};
		652E352E1C2C0B33006B7A5A /* nabeatsu */ = {
			isa = PBXGroup;
			children = (
				652E352F1C2C0B33006B7A5A /* AppDelegate.swift */,
				652E35311C2C0B33006B7A5A /* ViewController.swift */,
				652E35331C2C0B33006B7A5A /* Main.storyboard */,
				652E35361C2C0B33006B7A5A /* Assets.xcassets */,
				652E35381C2C0B33006B7A5A /* LaunchScreen.storyboard */,
				652E353B1C2C0B33006B7A5A /* Info.plist */,
			);
			path = nabeatsu;
			sourceTree = "<group>";
		};
/* End PBXGroup section */

/* Begin PBXNativeTarget section */
		652E352B1C2C0B32006B7A5A /* nabeatsu */ = {
			isa = PBXNativeTarget;
			buildConfigurationList = 652E353E1C2C0B33006B7A5A /* Build configuration list for PBXNativeTarget "nabeatsu" */;
			buildPhases = (
				652E35281C2C0B32006B7A5A /* Sources */,
				652E35291C2C0B32006B7A5A /* Frameworks */,
				652E352A1C2C0B32006B7A5A /* Resources */,
			);
			buildRules = (
			);
			dependencies = (
			);
			name = nabeatsu;
			productName = nabeatsu;
			productReference = 652E352C1C2C0B33006B7A5A /* nabeatsu.app */;
			productType = "com.apple.product-type.application";
		};
/* End PBXNativeTarget section */

/* Begin PBXProject section */
		652E35241C2C0B32006B7A5A /* Project object */ = {
			isa = PBXProject;
			attributes = {
				LastSwiftUpdateCheck = 0720;
				LastUpgradeCheck = 0720;
				ORGANIZATIONNAME = "迫 佑樹";
				TargetAttributes = {
					652E352B1C2C0B32006B7A5A = {
						CreatedOnToolsVersion = 7.2;
						DevelopmentTeam = 5M8P7CU8H5;
					};
				};
			};
			buildConfigurationList = 652E35271C2C0B32006B7A5A /* Build configuration list for PBXProject "nabeatsu" */;
			compatibilityVersion = "Xcode 3.2";
			developmentRegion = English;
			hasScannedForEncodings = 0;
			knownRegions = (
				en,
				Base,
			);
			mainGroup = 652E35231C2C0B32006B7A5A;
			productRefGroup = 652E352D1C2C0B33006B7A5A /* Products */;
			projectDirPath = "";
			projectRoot = "";
			targets = (
				652E352B1C2C0B32006B7A5A /* nabeatsu */,
			);
		};
/* End PBXProject section */

/* Begin PBXResourcesBuildPhase section */
		652E352A1C2C0B32006B7A5A /* Resources */ = {
			isa = PBXResourcesBuildPhase;
			buildActionMask = 2147483647;
			files = (
				652E353A1C2C0B33006B7A5A /* LaunchScreen.storyboard in Resources */,
				652E35371C2C0B33006B7A5A /* Assets.xcassets in Resources */,
				652E35351C2C0B33006B7A5A /* Main.storyboard in Resources */,
			);
			runOnlyForDeploymentPostprocessing = 0;
		};
/* End PBXResourcesBuildPhase section */

/* Begin PBXSourcesBuildPhase section */
		652E35281C2C0B32006B7A5A /* Sources */ = {
			isa = PBXSourcesBuildPhase;
			buildActionMask = 2147483647;
			files = (
				652E35321C2C0B33006B7A5A /* ViewController.swift in Sources */,
				652E35301C2C0B33006B7A5A /* AppDelegate.swift in Sources */,
			);
			runOnlyForDeploymentPostprocessing = 0;
		};
/* End PBXSourcesBuildPhase section */

/* Begin PBXVariantGroup section */
		652E35331C2C0B33006B7A5A /* Main.storyboard */ = {
			isa = PBXVariantGroup;
			children = (
				652E35341C2C0B33006B7A5A /* Base */,
			);
			name = Main.storyboard;
			sourceTree = "<group>";
		};
		652E35381C2C0B33006B7A5A /* LaunchScreen.storyboard */ = {
			isa = PBXVariantGroup;
			children = (
				652E35391C2C0B33006B7A5A /* Base */,
			);
			name = LaunchScreen.storyboard;
			sourceTree = "<group>";
		};
/* End PBXVariantGroup section */

/* Begin XCBuildConfiguration section */
		652E353C1C2C0B33006B7A5A /* Debug */ = {
			isa = XCBuildConfiguration;
			buildSettings = {
				ALWAYS_SEARCH_USER_PATHS = NO;
				CLANG_CXX_LANGUAGE_STANDARD = "gnu++0x";
				CLANG_CXX_LIBRARY = "libc++";
				CLANG_ENABLE_MODULES = YES;
				CLANG_ENABLE_OBJC_ARC = YES;
				CLANG_WARN_BOOL_CONVERSION = YES;
				CLANG_WARN_CONSTANT_CONVERSION = YES;
				CLANG_WARN_DIRECT_OBJC_ISA_USAGE = YES_ERROR;
				CLANG_WARN_EMPTY_BODY = YES;
				CLANG_WARN_ENUM_CONVERSION = YES;
				CLANG_WARN_INT_CONVERSION = YES;
				CLANG_WARN_OBJC_ROOT_CLASS = YES_ERROR;
				CLANG_WARN_UNREACHABLE_CODE = YES;
				CLANG_WARN__DUPLICATE_METHOD_MATCH = YES;
				"CODE_SIGN_IDENTITY[sdk=iphoneos*]" = "iPhone Developer";
				COPY_PHASE_STRIP = NO;
				DEBUG_INFORMATION_FORMAT = dwarf;
				ENABLE_STRICT_OBJC_MSGSEND = YES;
				ENABLE_TESTABILITY = YES;
				GCC_C_LANGUAGE_STANDARD = gnu99;
				GCC_DYNAMIC_NO_PIC = NO;
				GCC_NO_COMMON_BLOCKS = YES;
				GCC_OPTIMIZATION_LEVEL = 0;
				GCC_PREPROCESSOR_DEFINITIONS = (
					"DEBUG=1",
					"$(inherited)",
				);
				GCC_WARN_64_TO_32_BIT_CONVERSION = YES;
				GCC_WARN_ABOUT_RETURN_TYPE = YES_ERROR;
				GCC_WARN_UNDECLARED_SELECTOR = YES;
				GCC_WARN_UNINITIALIZED_AUTOS = YES_AGGRESSIVE;
				GCC_WARN_UNUSED_FUNCTION = YES;
				GCC_WARN_UNUSED_VARIABLE = YES;
				IPHONEOS_DEPLOYMENT_TARGET = 9.2;
				MTL_ENABLE_DEBUG_INFO = YES;
				ONLY_ACTIVE_ARCH = YES;
				SDKROOT = iphoneos;
				SWIFT_OPTIMIZATION_LEVEL = "-Onone";
			};
			name = Debug;
		};
		652E353D1C2C0B33006B7A5A /* Release */ = {
			isa = XCBuildConfiguration;
			buildSettings = {
				ALWAYS_SEARCH_USER_PATHS = NO;
				CLANG_CXX_LANGUAGE_STANDARD = "gnu++0x";
				CLANG_CXX_LIBRARY = "libc++";
				CLANG_ENABLE_MODULES = YES;
				CLANG_ENABLE_OBJC_ARC = YES;
				CLANG_WARN_BOOL_CONVERSION = YES;
				CLANG_WARN_CONSTANT_CONVERSION = YES;
				CLANG_WARN_DIRECT_OBJC_ISA_USAGE = YES_ERROR;
				CLANG_WARN_EMPTY_BODY = YES;
				CLANG_WARN_ENUM_CONVERSION = YES;
				CLANG_WARN_INT_CONVERSION = YES;
				CLANG_WARN_OBJC_ROOT_CLASS = YES_ERROR;
				CLANG_WARN_UNREACHABLE_CODE = YES;
				CLANG_WARN__DUPLICATE_METHOD_MATCH = YES;
				"CODE_SIGN_IDENTITY[sdk=iphoneos*]" = "iPhone Developer";
				COPY_PHASE_STRIP = NO;
				DEBUG_INFORMATION_FORMAT = "dwarf-with-dsym";
				ENABLE_NS_ASSERTIONS = NO;
				ENABLE_STRICT_OBJC_MSGSEND = YES;
				GCC_C_LANGUAGE_STANDARD = gnu99;
				GCC_NO_COMMON_BLOCKS = YES;
				GCC_WARN_64_TO_32_BIT_CONVERSION = YES;
				GCC_WARN_ABOUT_RETURN_TYPE = YES_ERROR;
				GCC_WARN_UNDECLARED_SELECTOR = YES;
				GCC_WARN_UNINITIALIZED_AUTOS = YES_AGGRESSIVE;
				GCC_WARN_UNUSED_FUNCTION = YES;
				GCC_WARN_UNUSED_VARIABLE = YES;
				IPHONEOS_DEPLOYMENT_TARGET = 9.2;
				MTL_ENABLE_DEBUG_INFO = NO;
				SDKROOT = iphoneos;
				VALIDATE_PRODUCT = YES;
			};
			name = Release;
		};
		652E353F1C2C0B33006B7A5A /* Debug */ = {
			isa = XCBuildConfiguration;
			buildSettings = {
				ASSETCATALOG_COMPILER_APPICON_NAME = AppIcon;
				INFOPLIST_FILE = nabeatsu/Info.plist;
				LD_RUNPATH_SEARCH_PATHS = "$(inherited) @executable_path/Frameworks";
				PRODUCT_BUNDLE_IDENTIFIER = io.github.yukisako.nabeatsu;
				PRODUCT_NAME = "$(TARGET_NAME)";
			};
			name = Debug;
		};
		652E35401C2C0B33006B7A5A /* Release */ = {
			isa = XCBuildConfiguration;
			buildSettings = {
				ASSETCATALOG_COMPILER_APPICON_NAME = AppIcon;
				INFOPLIST_FILE = nabeatsu/Info.plist;
				LD_RUNPATH_SEARCH_PATHS = "$(inherited) @executable_path/Frameworks";
				PRODUCT_BUNDLE_IDENTIFIER = io.github.yukisako.nabeatsu;
				PRODUCT_NAME = "$(TARGET_NAME)";
			};
			name = Release;
		};
/* End XCBuildConfiguration section */

/* Begin XCConfigurationList section */
		652E35271C2C0B32006B7A5A /* Build configuration list for PBXProject "nabeatsu" */ = {
			isa = XCConfigurationList;
			buildConfigurations = (
				652E353C1C2C0B33006B7A5A /* Debug */,
				652E353D1C2C0B33006B7A5A /* Release */,
			);
			defaultConfigurationIsVisible = 0;
			defaultConfigurationName = Release;
		};
		652E353E1C2C0B33006B7A5A /* Build configuration list for PBXNativeTarget "nabeatsu" */ = {
			isa = XCConfigurationList;
			buildConfigurations = (
				652E353F1C2C0B33006B7A5A /* Debug */,
				652E35401C2C0B33006B7A5A /* Release */,
			);
			defaultConfigurationIsVisible = 0;
		};
/* End XCConfigurationList section */
	};
	rootObject = 652E35241C2C0B32006B7A5A /* Project object */;
}
